{
  "name": "@bvdm/delano",
  "version": "0.3.1",
  "lockfileVersion": 3,
  "requires": true,
  "packages": {
    "": {
      "name": "@bvdm/delano",
      "version": "0.3.1",
      "license": "MIT",
      "bin": {
        "delano": "bin/delano.js"
      },
      "engines": {
        "node": ">=18"
      }
    }
  }
}
